
Microsoft Visual Studio Solution File, Format Version 12.00
# Visual Studio Version 17
VisualStudioVersion = 17.0.31903.59
MinimumVisualStudioVersion = 10.0.40219.1
Project("{2150E333-8FDC-42A3-9474-1A3956D46DE8}") = "src", "src", "{08FAB7CC-B365-445F-A8C1-C753EBE06559}"
EndProject
Project("{FAE04EC0-301F-11D3-BF4B-00C04F79EFBC}") = "CrownCommerce.Cli.Email", "src\CrownCommerce.Cli.Email\CrownCommerce.Cli.Email.csproj", "{7FB6FC6D-14A5-40D8-B904-3C62A4F0B7D8}"
EndProject
Project("{2150E333-8FDC-42A3-9474-1A3956D46DE8}") = "tests", "tests", "{7222EF3B-715D-424F-99C9-CCFB1CE51A79}"
EndProject
Project("{FAE04EC0-301F-11D3-BF4B-00C04F79EFBC}") = "CrownCommerce.Cli.Email.Tests", "tests\CrownCommerce.Cli.Email.Tests\CrownCommerce.Cli.Email.Tests.csproj", "{88081E50-0FBF-4F4E-A593-1F83E7446F48}"
EndProject
Global
	GlobalSection(SolutionConfigurationPlatforms) = preSolution
		Debug|Any CPU = Debug|Any CPU
		Release|Any CPU = Release|Any CPU
	EndGlobalSection
	GlobalSection(SolutionProperties) = preSolution
		HideSolutionNode = FALSE
	EndGlobalSection
	GlobalSection(ProjectConfigurationPlatforms) = postSolution
		{7FB6FC6D-14A5-40D8-B904-3C62A4F0B7D8}.Debug|Any CPU.ActiveCfg = Debug|Any CPU
		{7FB6FC6D-14A5-40D8-B904-3C62A4F0B7D8}.Debug|Any CPU.Build.0 = Debug|Any CPU
		{7FB6FC6D-14A5-40D8-B904-3C62A4F0B7D8}.Release|Any CPU.ActiveCfg = Release|Any CPU
		{7FB6FC6D-14A5-40D8-B904-3C62A4F0B7D8}.Release|Any CPU.Build.0 = Release|Any CPU
		{88081E50-0FBF-4F4E-A593-1F83E7446F48}.Debug|Any CPU.ActiveCfg = Debug|Any CPU
		{88081E50-0FBF-4F4E-A593-1F83E7446F48}.Debug|Any CPU.Build.0 = Debug|Any CPU
		{88081E50-0FBF-4F4E-A593-1F83E7446F48}.Release|Any CPU.ActiveCfg = Release|Any CPU
		{88081E50-0FBF-4F4E-A593-1F83E7446F48}.Release|Any CPU.Build.0 = Release|Any CPU
	EndGlobalSection
	GlobalSection(NestedProjects) = preSolution
		{7FB6FC6D-14A5-40D8-B904-3C62A4F0B7D8} = {08FAB7CC-B365-445F-A8C1-C753EBE06559}
		{88081E50-0FBF-4F4E-A593-1F83E7446F48} = {7222EF3B-715D-424F-99C9-CCFB1CE51A79}
	EndGlobalSection
EndGlobal
