
Microsoft Visual Studio Solution File, Format Version 12.00
# Visual Studio Version 17
VisualStudioVersion = 17.0.31903.59
MinimumVisualStudioVersion = 10.0.40219.1
Project("{2150E333-8FDC-42A3-9474-1A3956D46DE8}") = "src", "src", "{923ECF45-BBFE-43A7-8014-845CE1755CEB}"
EndProject
Project("{FAE04EC0-301F-11D3-BF4B-00C04F79EFBC}") = "CrownCommerce.Cli.Schedule", "src\CrownCommerce.Cli.Schedule\CrownCommerce.Cli.Schedule.csproj", "{A869A331-5E25-4889-91D6-7FC6CB70435C}"
EndProject
Project("{2150E333-8FDC-42A3-9474-1A3956D46DE8}") = "tests", "tests", "{F8E6E658-87A5-4490-AC33-49C0CB61B995}"
EndProject
Project("{FAE04EC0-301F-11D3-BF4B-00C04F79EFBC}") = "CrownCommerce.Cli.Schedule.Tests", "tests\CrownCommerce.Cli.Schedule.Tests\CrownCommerce.Cli.Schedule.Tests.csproj", "{D870B112-DC27-4CAD-9125-8DDED17EDCBA}"
EndProject
Global
	GlobalSection(SolutionConfigurationPlatforms) = preSolution
		Debug|Any CPU = Debug|Any CPU
		Release|Any CPU = Release|Any CPU
	EndGlobalSection
	GlobalSection(SolutionProperties) = preSolution
		HideSolutionNode = FALSE
	EndGlobalSection
	GlobalSection(ProjectConfigurationPlatforms) = postSolution
		{A869A331-5E25-4889-91D6-7FC6CB70435C}.Debug|Any CPU.ActiveCfg = Debug|Any CPU
		{A869A331-5E25-4889-91D6-7FC6CB70435C}.Debug|Any CPU.Build.0 = Debug|Any CPU
		{A869A331-5E25-4889-91D6-7FC6CB70435C}.Release|Any CPU.ActiveCfg = Release|Any CPU
		{A869A331-5E25-4889-91D6-7FC6CB70435C}.Release|Any CPU.Build.0 = Release|Any CPU
		{D870B112-DC27-4CAD-9125-8DDED17EDCBA}.Debug|Any CPU.ActiveCfg = Debug|Any CPU
		{D870B112-DC27-4CAD-9125-8DDED17EDCBA}.Debug|Any CPU.Build.0 = Debug|Any CPU
		{D870B112-DC27-4CAD-9125-8DDED17EDCBA}.Release|Any CPU.ActiveCfg = Release|Any CPU
		{D870B112-DC27-4CAD-9125-8DDED17EDCBA}.Release|Any CPU.Build.0 = Release|Any CPU
	EndGlobalSection
	GlobalSection(NestedProjects) = preSolution
		{A869A331-5E25-4889-91D6-7FC6CB70435C} = {923ECF45-BBFE-43A7-8014-845CE1755CEB}
		{D870B112-DC27-4CAD-9125-8DDED17EDCBA} = {F8E6E658-87A5-4490-AC33-49C0CB61B995}
	EndGlobalSection
EndGlobal
